// !$*UTF8*$!
{
	archiveVersion = 1;
	classes = {
	};
	objectVersion = 46;
	objects = {

/* Begin PBXBuildFile section */
		4C5D4F4A1A49FAC900BC4F76 /* main.m in Sources */ = {isa = PBXBuildFile; fileRef = 4C5D4F491A49FAC900BC4F76 /* main.m */; };
		4C5D4F4D1A49FAC900BC4F76 /* AppDelegate.m in Sources */ = {isa = PBXBuildFile; fileRef = 4C5D4F4C1A49FAC900BC4F76 /* AppDelegate.m */; };
		4C5D4F501A49FAC900BC4F76 /* ViewController.m in Sources */ = {isa = PBXBuildFile; fileRef = 4C5D4F4F1A49FAC900BC4F76 /* ViewController.m */; };
		4C5D4F531A49FAC900BC4F76 /* Main.storyboard in Resources */ = {isa = PBXBuildFile; fileRef = 4C5D4F511A49FAC900BC4F76 /* Main.storyboard */; };
		4C5D4F551A49FAC900BC4F76 /* Images.xcassets in Resources */ = {isa = PBXBuildFile; fileRef = 4C5D4F541A49FAC900BC4F76 /* Images.xcassets */; };
		4C5D4F581A49FAC900BC4F76 /* LaunchScreen.xib in Resources */ = {isa = PBXBuildFile; fileRef = 4C5D4F561A49FAC900BC4F76 /* LaunchScreen.xib */; };
		4C5D4F641A49FACA00BC4F76 /* BlockedInTests.m in Sources */ = {isa = PBXBuildFile; fileRef = 4C5D4F631A49FACA00BC4F76 /* BlockedInTests.m */; };
/* End PBXBuildFile section */

/* Begin PBXContainerItemProxy section */
		4C5D4F5E1A49FACA00BC4F76 /* PBXContainerItemProxy */ = {
			isa = PBXContainerItemProxy;
			containerPortal = 4C5D4F3C1A49FAC900BC4F76 /* Project object */;
			proxyType = 1;
			remoteGlobalIDString = 4C5D4F431A49FAC900BC4F76;
			remoteInfo = BlockedIn;
		};
/* End PBXContainerItemProxy section */

/* Begin PBXFileReference section */
		4C5D4F441A49FAC900BC4F76 /* BlockedIn.app */ = {isa = PBXFileReference; explicitFileType = wrapper.application; includeInIndex = 0; path = BlockedIn.app; sourceTree = BUILT_PRODUCTS_DIR; };
		4C5D4F481A49FAC900BC4F76 /* Info.plist */ = {isa = PBXFileReference; lastKnownFileType = text.plist.xml; path = Info.plist; sourceTree = "<group>"; };
		4C5D4F491A49FAC900BC4F76 /* main.m */ = {isa = PBXFileReference; lastKnownFileType = sourcecode.c.objc; path = main.m; sourceTree = "<group>"; };
		4C5D4F4B1A49FAC900BC4F76 /* AppDelegate.h */ = {isa = PBXFileReference; lastKnownFileType = sourcecode.c.h; path = AppDelegate.h; sourceTree = "<group>"; };
		4C5D4F4C1A49FAC900BC4F76 /* AppDelegate.m */ = {isa = PBXFileReference; lastKnownFileType = sourcecode.c.objc; path = AppDelegate.m; sourceTree = "<group>"; };
		4C5D4F4E1A49FAC900BC4F76 /* ViewController.h */ = {isa = PBXFileReference; lastKnownFileType = sourcecode.c.h; path = ViewController.h; sourceTree = "<group>"; };
		4C5D4F4F1A49FAC900BC4F76 /* ViewController.m */ = {isa = PBXFileReference; lastKnownFileType = sourcecode.c.objc; path = ViewController.m; sourceTree = "<group>"; };
		4C5D4F521A49FAC900BC4F76 /* Base */ = {isa = PBXFileReference; lastKnownFileType = file.storyboard; name = Base; path = Base.lproj/Main.storyboard; sourceTree = "<group>"; };
		4C5D4F541A49FAC900BC4F76 /* Images.xcassets */ = {isa = PBXFileReference; lastKnownFileType = folder.assetcatalog; path = Images.xcassets; sourceTree = "<group>"; };
		4C5D4F571A49FAC900BC4F76 /* Base */ = {isa = PBXFileReference; lastKnownFileType = file.xib; name = Base; path = Base.lproj/LaunchScreen.xib; sourceTree = "<group>"; };
		4C5D4F5D1A49FACA00BC4F76 /* BlockedInTests.xctest */ = {isa = PBXFileReference; explicitFileType = wrapper.cfbundle; includeInIndex = 0; path = BlockedInTests.xctest; sourceTree = BUILT_PRODUCTS_DIR; };
		4C5D4F621A49FACA00BC4F76 /* Info.plist */ = {isa = PBXFileReference; lastKnownFileType = text.plist.xml; path = Info.plist; sourceTree = "<group>"; };
		4C5D4F631A49FACA00BC4F76 /* BlockedInTests.m */ = {isa = PBXFileReference; lastKnownFileType = sourcecode.c.objc; path = BlockedInTests.m; sourceTree = "<group>"; };
/* End PBXFileReference section */

/* Begin PBXFrameworksBuildPhase section */
		4C5D4F411A49FAC900BC4F76 /* Frameworks */ = {
			isa = PBXFrameworksBuildPhase;
			buildActionMask = 2147483647;
			files = (
			);
			runOnlyForDeploymentPostprocessing = 0;
		};
		4C5D4F5A1A49FACA00BC4F76 /* Frameworks */ = {
			isa = PBXFrameworksBuildPhase;
			buildActionMask = 2147483647;
			files = (
			);
			runOnlyForDeploymentPostprocessing = 0;
		};
/* End PBXFrameworksBuildPhase section */

/* Begin PBXGroup section */
		4C5D4F3B1A49FAC900BC4F76 = {
			isa = PBXGroup;
			children = (
				4C5D4F461A49FAC900BC4F76 /* BlockedIn */,
				4C5D4F601A49FACA00BC4F76 /* BlockedInTests */,
				4C5D4F451A49FAC900BC4F76 /* Products */,
			);
			sourceTree = "<group>";
		};
		4C5D4F451A49FAC900BC4F76 /* Products */ = {
			isa = PBXGroup;
			children = (
				4C5D4F441A49FAC900BC4F76 /* BlockedIn.app */,
				4C5D4F5D1A49FACA00BC4F76 /* BlockedInTests.xctest */,
			);
			name = Products;
			sourceTree = "<group>";
		};
		4C5D4F461A49FAC900BC4F76 /* BlockedIn */ = {
			isa = PBXGroup;
			children = (
				4C5D4F4B1A49FAC900BC4F76 /* AppDelegate.h */,
				4C5D4F4C1A49FAC900BC4F76 /* AppDelegate.m */,
				4C5D4F4E1A49FAC900BC4F76 /* ViewController.h */,
				4C5D4F4F1A49FAC900BC4F76 /* ViewController.m */,
				4C5D4F511A49FAC900BC4F76 /* Main.storyboard */,
				4C5D4F541A49FAC900BC4F76 /* Images.xcassets */,
				4C5D4F561A49FAC900BC4F76 /* LaunchScreen.xib */,
				4C5D4F6D1A49FB4900BC4F76 /* Resources */,
				4C5D4F471A49FAC900BC4F76 /* Supporting Files */,
			);
			path = BlockedIn;
			sourceTree = "<group>";
		};
		4C5D4F471A49FAC900BC4F76 /* Supporting Files */ = {
			isa = PBXGroup;
			children = (
				4C5D4F481A49FAC900BC4F76 /* Info.plist */,
				4C5D4F491A49FAC900BC4F76 /* main.m */,
			);
			name = "Supporting Files";
			sourceTree = "<group>";
		};
		4C5D4F601A49FACA00BC4F76 /* BlockedInTests */ = {
			isa = PBXGroup;
			children = (
				4C5D4F631A49FACA00BC4F76 /* BlockedInTests.m */,
				4C5D4F611A49FACA00BC4F76 /* Supporting Files */,
			);
			path = BlockedInTests;
			sourceTree = "<group>";
		};
		4C5D4F611A49FACA00BC4F76 /* Supporting Files */ = {
			isa = PBXGroup;
			children = (
				4C5D4F621A49FACA00BC4F76 /* Info.plist */,
			);
			name = "Supporting Files";
			sourceTree = "<group>";
		};
		4C5D4F6D1A49FB4900BC4F76 /* Resources */ = {
			isa = PBXGroup;
			children = (
				4C5D4F6E1A49FB5F00BC4F76 /* Art */,
			);
			name = Resources;
			sourceTree = "<group>";
		};
		4C5D4F6E1A49FB5F00BC4F76 /* Art */ = {
			isa = PBXGroup;
			children = (
			);
			name = Art;
			sourceTree = "<group>";
		};
/* End PBXGroup section */

/* Begin PBXNativeTarget section */
		4C5D4F431A49FAC900BC4F76 /* BlockedIn */ = {
			isa = PBXNativeTarget;
			buildConfigurationList = 4C5D4F671A49FACA00BC4F76 /* Build configuration list for PBXNativeTarget "BlockedIn" */;
			buildPhases = (
				4C5D4F401A49FAC900BC4F76 /* Sources */,
				4C5D4F411A49FAC900BC4F76 /* Frameworks */,
				4C5D4F421A49FAC900BC4F76 /* Resources */,
			);
			buildRules = (
			);
			dependencies = (
			);
			name = BlockedIn;
			productName = BlockedIn;
			productReference = 4C5D4F441A49FAC900BC4F76 /* BlockedIn.app */;
			productType = "com.apple.product-type.application";
		};
		4C5D4F5C1A49FACA00BC4F76 /* BlockedInTests */ = {
			isa = PBXNativeTarget;
			buildConfigurationList = 4C5D4F6A1A49FACA00BC4F76 /* Build configuration list for PBXNativeTarget "BlockedInTests" */;
			buildPhases = (
				4C5D4F591A49FACA00BC4F76 /* Sources */,
				4C5D4F5A1A49FACA00BC4F76 /* Frameworks */,
				4C5D4F5B1A49FACA00BC4F76 /* Resources */,
			);
			buildRules = (
			);
			dependencies = (
				4C5D4F5F1A49FACA00BC4F76 /* PBXTargetDependency */,
			);
			name = BlockedInTests;
			productName = BlockedInTests;
			productReference = 4C5D4F5D1A49FACA00BC4F76 /* BlockedInTests.xctest */;
			productType = "com.apple.product-type.bundle.unit-test";
		};
/* End PBXNativeTarget section */

/* Begin PBXProject section */
		4C5D4F3C1A49FAC900BC4F76 /* Project object */ = {
			isa = PBXProject;
			attributes = {
				LastUpgradeCheck = 0610;
				ORGANIZATIONNAME = "Michael Brew";
				TargetAttributes = {
					4C5D4F431A49FAC900BC4F76 = {
						CreatedOnToolsVersion = 6.1.1;
					};
					4C5D4F5C1A49FACA00BC4F76 = {
						CreatedOnToolsVersion = 6.1.1;
						TestTargetID = 4C5D4F431A49FAC900BC4F76;
					};
				};
			};
			buildConfigurationList = 4C5D4F3F1A49FAC900BC4F76 /* Build configuration list for PBXProject "BlockedIn" */;
			compatibilityVersion = "Xcode 3.2";
			developmentRegion = English;
			hasScannedForEncodings = 0;
			knownRegions = (
				en,
				Base,
			);
			mainGroup = 4C5D4F3B1A49FAC900BC4F76;
			productRefGroup = 4C5D4F451A49FAC900BC4F76 /* Products */;
			projectDirPath = "";
			projectRoot = "";
			targets = (
				4C5D4F431A49FAC900BC4F76 /* BlockedIn */,
				4C5D4F5C1A49FACA00BC4F76 /* BlockedInTests */,
			);
		};
/* End PBXProject section */

/* Begin PBXResourcesBuildPhase section */
		4C5D4F421A49FAC900BC4F76 /* Resources */ = {
			isa = PBXResourcesBuildPhase;
			buildActionMask = 2147483647;
			files = (
				4C5D4F531A49FAC900BC4F76 /* Main.storyboard in Resources */,
				4C5D4F581A49FAC900BC4F76 /* LaunchScreen.xib in Resources */,
				4C5D4F551A49FAC900BC4F76 /* Images.xcassets in Resources */,
			);
			runOnlyForDeploymentPostprocessing = 0;
		};
		4C5D4F5B1A49FACA00BC4F76 /* Resources */ = {
			isa = PBXResourcesBuildPhase;
			buildActionMask = 2147483647;
			files = (
			);
			runOnlyForDeploymentPostprocessing = 0;
		};
/* End PBXResourcesBuildPhase section */

/* Begin PBXSourcesBuildPhase section */
		4C5D4F401A49FAC900BC4F76 /* Sources */ = {
			isa = PBXSourcesBuildPhase;
			buildActionMask = 2147483647;
			files = (
				4C5D4F501A49FAC900BC4F76 /* ViewController.m in Sources */,
				4C5D4F4D1A49FAC900BC4F76 /* AppDelegate.m in Sources */,
				4C5D4F4A1A49FAC900BC4F76 /* main.m in Sources */,
			);
			runOnlyForDeploymentPostprocessing = 0;
		};
		4C5D4F591A49FACA00BC4F76 /* Sources */ = {
			isa = PBXSourcesBuildPhase;
			buildActionMask = 2147483647;
			files = (
				4C5D4F641A49FACA00BC4F76 /* BlockedInTests.m in Sources */,
			);
			runOnlyForDeploymentPostprocessing = 0;
		};
/* End PBXSourcesBuildPhase section */

/* Begin PBXTargetDependency section */
		4C5D4F5F1A49FACA00BC4F76 /* PBXTargetDependency */ = {
			isa = PBXTargetDependency;
			target = 4C5D4F431A49FAC900BC4F76 /* BlockedIn */;
			targetProxy = 4C5D4F5E1A49FACA00BC4F76 /* PBXContainerItemProxy */;
		};
/* End PBXTargetDependency section */

/* Begin PBXVariantGroup section */
		4C5D4F511A49FAC900BC4F76 /* Main.storyboard */ = {
			isa = PBXVariantGroup;
			children = (
				4C5D4F521A49FAC900BC4F76 /* Base */,
			);
			name = Main.storyboard;
			sourceTree = "<group>";
		};
		4C5D4F561A49FAC900BC4F76 /* LaunchScreen.xib */ = {
			isa = PBXVariantGroup;
			children = (
				4C5D4F571A49FAC900BC4F76 /* Base */,
			);
			name = LaunchScreen.xib;
			sourceTree = "<group>";
		};
/* End PBXVariantGroup section */

/* Begin XCBuildConfiguration section */
		4C5D4F651A49FACA00BC4F76 /* Debug */ = {
			isa = XCBuildConfiguration;
			buildSettings = {
				ALWAYS_SEARCH_USER_PATHS = NO;
				CLANG_CXX_LANGUAGE_STANDARD = "gnu++0x";
				CLANG_CXX_LIBRARY = "libc++";
				CLANG_ENABLE_MODULES = YES;
				CLANG_ENABLE_OBJC_ARC = YES;
				CLANG_WARN_BOOL_CONVERSION = YES;
				CLANG_WARN_CONSTANT_CONVERSION = YES;
				CLANG_WARN_DIRECT_OBJC_ISA_USAGE = YES_ERROR;
				CLANG_WARN_EMPTY_BODY = YES;
				CLANG_WARN_ENUM_CONVERSION = YES;
				CLANG_WARN_INT_CONVERSION = YES;
				CLANG_WARN_OBJC_ROOT_CLASS = YES_ERROR;
				CLANG_WARN_UNREACHABLE_CODE = YES;
				CLANG_WARN__DUPLICATE_METHOD_MATCH = YES;
				"CODE_SIGN_IDENTITY[sdk=iphoneos*]" = "iPhone Developer";
				COPY_PHASE_STRIP = NO;
				ENABLE_STRICT_OBJC_MSGSEND = YES;
				GCC_C_LANGUAGE_STANDARD = gnu99;
				GCC_DYNAMIC_NO_PIC = NO;
				GCC_OPTIMIZATION_LEVEL = 0;
				GCC_PREPROCESSOR_DEFINITIONS = (
					"DEBUG=1",
					"$(inherited)",
				);
				GCC_SYMBOLS_PRIVATE_EXTERN = NO;
				GCC_WARN_64_TO_32_BIT_CONVERSION = YES;
				GCC_WARN_ABOUT_RETURN_TYPE = YES_ERROR;
				GCC_WARN_UNDECLARED_SELECTOR = YES;
				GCC_WARN_UNINITIALIZED_AUTOS = YES_AGGRESSIVE;
				GCC_WARN_UNUSED_FUNCTION = YES;
				GCC_WARN_UNUSED_VARIABLE = YES;
				IPHONEOS_DEPLOYMENT_TARGET = 8.1;
				MTL_ENABLE_DEBUG_INFO = YES;
				ONLY_ACTIVE_ARCH = YES;
				SDKROOT = iphoneos;
			};
			name = Debug;
		};
		4C5D4F661A49FACA00BC4F76 /* Release */ = {
			isa = XCBuildConfiguration;
			buildSettings = {
				ALWAYS_SEARCH_USER_PATHS = NO;
				CLANG_CXX_LANGUAGE_STANDARD = "gnu++0x";
				CLANG_CXX_LIBRARY = "libc++";
				CLANG_ENABLE_MODULES = YES;
				CLANG_ENABLE_OBJC_ARC = YES;
				CLANG_WARN_BOOL_CONVERSION = YES;
				CLANG_WARN_CONSTANT_CONVERSION = YES;
				CLANG_WARN_DIRECT_OBJC_ISA_USAGE = YES_ERROR;
				CLANG_WARN_EMPTY_BODY = YES;
				CLANG_WARN_ENUM_CONVERSION = YES;
				CLANG_WARN_INT_CONVERSION = YES;
				CLANG_WARN_OBJC_ROOT_CLASS = YES_ERROR;
				CLANG_WARN_UNREACHABLE_CODE = YES;
				CLANG_WARN__DUPLICATE_METHOD_MATCH = YES;
				"CODE_SIGN_IDENTITY[sdk=iphoneos*]" = "iPhone Developer";
				COPY_PHASE_STRIP = YES;
				ENABLE_NS_ASSERTIONS = NO;
				ENABLE_STRICT_OBJC_MSGSEND = YES;
				GCC_C_LANGUAGE_STANDARD = gnu99;
				GCC_WARN_64_TO_32_BIT_CONVERSION = YES;
				GCC_WARN_ABOUT_RETURN_TYPE = YES_ERROR;
				GCC_WARN_UNDECLARED_SELECTOR = YES;
				GCC_WARN_UNINITIALIZED_AUTOS = YES_AGGRESSIVE;
				GCC_WARN_UNUSED_FUNCTION = YES;
				GCC_WARN_UNUSED_VARIABLE = YES;
				IPHONEOS_DEPLOYMENT_TARGET = 8.1;
				MTL_ENABLE_DEBUG_INFO = NO;
				SDKROOT = iphoneos;
				VALIDATE_PRODUCT = YES;
			};
			name = Release;
		};
		4C5D4F681A49FACA00BC4F76 /* Debug */ = {
			isa = XCBuildConfiguration;
			buildSettings = {
				ASSETCATALOG_COMPILER_APPICON_NAME = AppIcon;
				INFOPLIST_FILE = BlockedIn/Info.plist;
				LD_RUNPATH_SEARCH_PATHS = "$(inherited) @executable_path/Frameworks";
				PRODUCT_NAME = "$(TARGET_NAME)";
			};
			name = Debug;
		};
		4C5D4F691A49FACA00BC4F76 /* Release */ = {
			isa = XCBuildConfiguration;
			buildSettings = {
				ASSETCATALOG_COMPILER_APPICON_NAME = AppIcon;
				INFOPLIST_FILE = BlockedIn/Info.plist;
				LD_RUNPATH_SEARCH_PATHS = "$(inherited) @executable_path/Frameworks";
				PRODUCT_NAME = "$(TARGET_NAME)";
			};
			name = Release;
		};
		4C5D4F6B1A49FACA00BC4F76 /* Debug */ = {
			isa = XCBuildConfiguration;
			buildSettings = {
				BUNDLE_LOADER = "$(TEST_HOST)";
				FRAMEWORK_SEARCH_PATHS = (
					"$(SDKROOT)/Developer/Library/Frameworks",
					"$(inherited)",
				);
				GCC_PREPROCESSOR_DEFINITIONS = (
					"DEBUG=1",
					"$(inherited)",
				);
				INFOPLIST_FILE = BlockedInTests/Info.plist;
				LD_RUNPATH_SEARCH_PATHS = "$(inherited) @executable_path/Frameworks @loader_path/Frameworks";
				PRODUCT_NAME = "$(TARGET_NAME)";
				TEST_HOST = "$(BUILT_PRODUCTS_DIR)/BlockedIn.app/BlockedIn";
			};
			name = Debug;
		};
		4C5D4F6C1A49FACA00BC4F76 /* Release */ = {
			isa = XCBuildConfiguration;
			buildSettings = {
				BUNDLE_LOADER = "$(TEST_HOST)";
				FRAMEWORK_SEARCH_PATHS = (
					"$(SDKROOT)/Developer/Library/Frameworks",
					"$(inherited)",
				);
				INFOPLIST_FILE = BlockedInTests/Info.plist;
				LD_RUNPATH_SEARCH_PATHS = "$(inherited) @executable_path/Frameworks @loader_path/Frameworks";
				PRODUCT_NAME = "$(TARGET_NAME)";
				TEST_HOST = "$(BUILT_PRODUCTS_DIR)/BlockedIn.app/BlockedIn";
			};
			name = Release;
		};
/* End XCBuildConfiguration section */

/* Begin XCConfigurationList section */
		4C5D4F3F1A49FAC900BC4F76 /* Build configuration list for PBXProject "BlockedIn" */ = {
			isa = XCConfigurationList;
			buildConfigurations = (
				4C5D4F651A49FACA00BC4F76 /* Debug */,
				4C5D4F661A49FACA00BC4F76 /* Release */,
			);
			defaultConfigurationIsVisible = 0;
			defaultConfigurationName = Release;
		};
		4C5D4F671A49FACA00BC4F76 /* Build configuration list for PBXNativeTarget "BlockedIn" */ = {
			isa = XCConfigurationList;
			buildConfigurations = (
				4C5D4F681A49FACA00BC4F76 /* Debug */,
				4C5D4F691A49FACA00BC4F76 /* Release */,
			);
			defaultConfigurationIsVisible = 0;
		};
		4C5D4F6A1A49FACA00BC4F76 /* Build configuration list for PBXNativeTarget "BlockedInTests" */ = {
			isa = XCConfigurationList;
			buildConfigurations = (
				4C5D4F6B1A49FACA00BC4F76 /* Debug */,
				4C5D4F6C1A49FACA00BC4F76 /* Release */,
			);
			defaultConfigurationIsVisible = 0;
		};
/* End XCConfigurationList section */
	};
	rootObject = 4C5D4F3C1A49FAC900BC4F76 /* Project object */;
}
